
Microsoft Visual Studio Solution File, Format Version 12.00
# Visual Studio 2017
Project("{FAE04EC0-301F-11D3-BF4B-00C04F79EFBC}") = "vsts-gitops-cli", "vsts-gitops-cli.csproj", "{B1123F42-30B6-4C2A-B29D-72F8340BDA37}"
EndProject
Global
	GlobalSection(SolutionConfigurationPlatforms) = preSolution
		Debug|Any CPU = Debug|Any CPU
		Release|Any CPU = Release|Any CPU
	EndGlobalSection
	GlobalSection(ProjectConfigurationPlatforms) = postSolution
		{B1123F42-30B6-4C2A-B29D-72F8340BDA37}.Debug|Any CPU.ActiveCfg = Debug|Any CPU
		{B1123F42-30B6-4C2A-B29D-72F8340BDA37}.Debug|Any CPU.Build.0 = Debug|Any CPU
		{B1123F42-30B6-4C2A-B29D-72F8340BDA37}.Release|Any CPU.ActiveCfg = Release|Any CPU
		{B1123F42-30B6-4C2A-B29D-72F8340BDA37}.Release|Any CPU.Build.0 = Release|Any CPU
	EndGlobalSection
EndGlobal
